
Microsoft Visual Studio Solution File, Format Version 12.00
# Visual Studio Version 16
VisualStudioVersion = 16.0.31605.320
MinimumVisualStudioVersion = 10.0.40219.1
Project("{FAE04EC0-301F-11D3-BF4B-00C04F79EFBC}") = "DevCard_MVC", "DevCard_MVC\DevCard_MVC.csproj", "{03C8A66B-243D-4EC8-9C2C-EEA242863611}"
EndProject
Global
	GlobalSection(SolutionConfigurationPlatforms) = preSolution
		Debug|Any CPU = Debug|Any CPU
		Release|Any CPU = Release|Any CPU
	EndGlobalSection
	GlobalSection(ProjectConfigurationPlatforms) = postSolution
		{03C8A66B-243D-4EC8-9C2C-EEA242863611}.Debug|Any CPU.ActiveCfg = Debug|Any CPU
		{03C8A66B-243D-4EC8-9C2C-EEA242863611}.Debug|Any CPU.Build.0 = Debug|Any CPU
		{03C8A66B-243D-4EC8-9C2C-EEA242863611}.Release|Any CPU.ActiveCfg = Release|Any CPU
		{03C8A66B-243D-4EC8-9C2C-EEA242863611}.Release|Any CPU.Build.0 = Release|Any CPU
	EndGlobalSection
	GlobalSection(SolutionProperties) = preSolution
		HideSolutionNode = FALSE
	EndGlobalSection
	GlobalSection(ExtensibilityGlobals) = postSolution
		SolutionGuid = {F8872822-56F4-492C-8C30-BCE649EC769E}
	EndGlobalSection
EndGlobal
